// !$*UTF8*$!
{
	archiveVersion = 1;
	classes = {
	};
	objectVersion = 50;
	objects = {

/* Begin PBXBuildFile section */
		058244C8A9DDA40B972FE752 /* libPods-GroupUp.a in Frameworks */ = {isa = PBXBuildFile; fileRef = 8CF807EC91191F9BEAF867AE /* libPods-GroupUp.a */; };
		A01314C5243455DD00A47168 /* EventLocationCreatorViewController.swift in Sources */ = {isa = PBXBuildFile; fileRef = A01314C4243455DD00A47168 /* EventLocationCreatorViewController.swift */; };
		A023B7802401D5B400A2F5ED /* EventManagerSlideUpViewController.swift in Sources */ = {isa = PBXBuildFile; fileRef = A023B77F2401D5B400A2F5ED /* EventManagerSlideUpViewController.swift */; };
		A05D5A1724296D7100BD5A46 /* Event.swift in Sources */ = {isa = PBXBuildFile; fileRef = A05D5A1624296D7100BD5A46 /* Event.swift */; };
		A06DD5EB23FC5D4C000DFF7C /* AppDelegate.swift in Sources */ = {isa = PBXBuildFile; fileRef = A06DD5EA23FC5D4C000DFF7C /* AppDelegate.swift */; };
		A06DD5ED23FC5D4C000DFF7C /* SceneDelegate.swift in Sources */ = {isa = PBXBuildFile; fileRef = A06DD5EC23FC5D4C000DFF7C /* SceneDelegate.swift */; };
		A06DD5F423FC5D4F000DFF7C /* Assets.xcassets in Resources */ = {isa = PBXBuildFile; fileRef = A06DD5F323FC5D4F000DFF7C /* Assets.xcassets */; };
		A06DD5F723FC5D4F000DFF7C /* LaunchScreen.storyboard in Resources */ = {isa = PBXBuildFile; fileRef = A06DD5F523FC5D4F000DFF7C /* LaunchScreen.storyboard */; };
		A06DD60223FC5D50000DFF7C /* GroupUpTests.swift in Sources */ = {isa = PBXBuildFile; fileRef = A06DD60123FC5D50000DFF7C /* GroupUpTests.swift */; };
		A06DD60D23FC5D50000DFF7C /* GroupUpUITests.swift in Sources */ = {isa = PBXBuildFile; fileRef = A06DD60C23FC5D50000DFF7C /* GroupUpUITests.swift */; };
		A07E1B5A23FDC56D005E999B /* MapViewController.swift in Sources */ = {isa = PBXBuildFile; fileRef = A07E1B5923FDC56D005E999B /* MapViewController.swift */; };
		A086D340240446B800E3A640 /* SidebarMenuViewController.swift in Sources */ = {isa = PBXBuildFile; fileRef = A086D33F240446B800E3A640 /* SidebarMenuViewController.swift */; };
		A086D342240446DD00E3A640 /* SidebarSlideInTransition.swift in Sources */ = {isa = PBXBuildFile; fileRef = A086D341240446DD00E3A640 /* SidebarSlideInTransition.swift */; };
		A0A3754F24186B68006A227B /* Universal.swift in Sources */ = {isa = PBXBuildFile; fileRef = A0A3754E24186B68006A227B /* Universal.swift */; };
		A0BF04362451433C00BF6B2D /* AddFriendsViewController.swift in Sources */ = {isa = PBXBuildFile; fileRef = A0BF04352451433C00BF6B2D /* AddFriendsViewController.swift */; };
		A0D59A8A24101D080025A70B /* GoogleService-Info.plist in Resources */ = {isa = PBXBuildFile; fileRef = A0D59A8924101D080025A70B /* GoogleService-Info.plist */; };
		A2AFBE1A240447D70090F639 /* NavigationController.swift in Sources */ = {isa = PBXBuildFile; fileRef = A2AFBE19240447D70090F639 /* NavigationController.swift */; };
		A2AFBE1E240448400090F639 /* SignUpViewController.swift in Sources */ = {isa = PBXBuildFile; fileRef = A2AFBE1D240448400090F639 /* SignUpViewController.swift */; };
		A2AFBE24240449160090F639 /* LogInViewController.swift in Sources */ = {isa = PBXBuildFile; fileRef = A2AFBE23240449160090F639 /* LogInViewController.swift */; };
		A2D8B27B24101A25002C6195 /* EventCreator.swift in Sources */ = {isa = PBXBuildFile; fileRef = A2D8B27A24101A25002C6195 /* EventCreator.swift */; };
		A8197E992410293600E048A4 /* ProfileViewController.swift in Sources */ = {isa = PBXBuildFile; fileRef = A8197E982410293600E048A4 /* ProfileViewController.swift */; };
		A85DBB7A240EB3D4004E60DA /* Main.storyboard in Resources */ = {isa = PBXBuildFile; fileRef = A85DBB79240EB3D4004E60DA /* Main.storyboard */; };
		F51B812024044ACA0082A3C9 /* StartUpScreenViewController.swift in Sources */ = {isa = PBXBuildFile; fileRef = F51B811F24044ACA0082A3C9 /* StartUpScreenViewController.swift */; };
		F51B81262412D8200082A3C9 /* NotificationViewController.swift in Sources */ = {isa = PBXBuildFile; fileRef = F51B81252412D8200082A3C9 /* NotificationViewController.swift */; };
/* End PBXBuildFile section */

/* Begin PBXContainerItemProxy section */
		A06DD5FE23FC5D50000DFF7C /* PBXContainerItemProxy */ = {
			isa = PBXContainerItemProxy;
			containerPortal = A06DD5DF23FC5D4C000DFF7C /* Project object */;
			proxyType = 1;
			remoteGlobalIDString = A06DD5E623FC5D4C000DFF7C;
			remoteInfo = GroupUp;
		};
		A06DD60923FC5D50000DFF7C /* PBXContainerItemProxy */ = {
			isa = PBXContainerItemProxy;
			containerPortal = A06DD5DF23FC5D4C000DFF7C /* Project object */;
			proxyType = 1;
			remoteGlobalIDString = A06DD5E623FC5D4C000DFF7C;
			remoteInfo = GroupUp;
		};
/* End PBXContainerItemProxy section */

/* Begin PBXFileReference section */
		0D60D0EE9370CE0A3FFCD53A /* Pods-GroupUp.release.xcconfig */ = {isa = PBXFileReference; includeInIndex = 1; lastKnownFileType = text.xcconfig; name = "Pods-GroupUp.release.xcconfig"; path = "Target Support Files/Pods-GroupUp/Pods-GroupUp.release.xcconfig"; sourceTree = "<group>"; };
		8CF807EC91191F9BEAF867AE /* libPods-GroupUp.a */ = {isa = PBXFileReference; explicitFileType = archive.ar; includeInIndex = 0; path = "libPods-GroupUp.a"; sourceTree = BUILT_PRODUCTS_DIR; };
		A01314C4243455DD00A47168 /* EventLocationCreatorViewController.swift */ = {isa = PBXFileReference; lastKnownFileType = sourcecode.swift; path = EventLocationCreatorViewController.swift; sourceTree = "<group>"; };
		A023B77F2401D5B400A2F5ED /* EventManagerSlideUpViewController.swift */ = {isa = PBXFileReference; lastKnownFileType = sourcecode.swift; path = EventManagerSlideUpViewController.swift; sourceTree = "<group>"; };
		A05D5A1624296D7100BD5A46 /* Event.swift */ = {isa = PBXFileReference; lastKnownFileType = sourcecode.swift; path = Event.swift; sourceTree = "<group>"; };
		A05D5A19242AA84300BD5A46 /* GroupUp.entitlements */ = {isa = PBXFileReference; lastKnownFileType = text.plist.entitlements; path = GroupUp.entitlements; sourceTree = "<group>"; };
		A06DD5E723FC5D4C000DFF7C /* GroupUp.app */ = {isa = PBXFileReference; explicitFileType = wrapper.application; includeInIndex = 0; path = GroupUp.app; sourceTree = BUILT_PRODUCTS_DIR; };
		A06DD5EA23FC5D4C000DFF7C /* AppDelegate.swift */ = {isa = PBXFileReference; lastKnownFileType = sourcecode.swift; path = AppDelegate.swift; sourceTree = "<group>"; };
		A06DD5EC23FC5D4C000DFF7C /* SceneDelegate.swift */ = {isa = PBXFileReference; lastKnownFileType = sourcecode.swift; path = SceneDelegate.swift; sourceTree = "<group>"; };
		A06DD5F323FC5D4F000DFF7C /* Assets.xcassets */ = {isa = PBXFileReference; lastKnownFileType = folder.assetcatalog; path = Assets.xcassets; sourceTree = "<group>"; };
		A06DD5F623FC5D4F000DFF7C /* Base */ = {isa = PBXFileReference; lastKnownFileType = file.storyboard; name = Base; path = Base.lproj/LaunchScreen.storyboard; sourceTree = "<group>"; };
		A06DD5F823FC5D4F000DFF7C /* Info.plist */ = {isa = PBXFileReference; lastKnownFileType = text.plist.xml; path = Info.plist; sourceTree = "<group>"; };
		A06DD5FD23FC5D50000DFF7C /* GroupUpTests.xctest */ = {isa = PBXFileReference; explicitFileType = wrapper.cfbundle; includeInIndex = 0; path = GroupUpTests.xctest; sourceTree = BUILT_PRODUCTS_DIR; };
		A06DD60123FC5D50000DFF7C /* GroupUpTests.swift */ = {isa = PBXFileReference; lastKnownFileType = sourcecode.swift; path = GroupUpTests.swift; sourceTree = "<group>"; };
		A06DD60323FC5D50000DFF7C /* Info.plist */ = {isa = PBXFileReference; lastKnownFileType = text.plist.xml; path = Info.plist; sourceTree = "<group>"; };
		A06DD60823FC5D50000DFF7C /* GroupUpUITests.xctest */ = {isa = PBXFileReference; explicitFileType = wrapper.cfbundle; includeInIndex = 0; path = GroupUpUITests.xctest; sourceTree = BUILT_PRODUCTS_DIR; };
		A06DD60C23FC5D50000DFF7C /* GroupUpUITests.swift */ = {isa = PBXFileReference; lastKnownFileType = sourcecode.swift; path = GroupUpUITests.swift; sourceTree = "<group>"; };
		A06DD60E23FC5D50000DFF7C /* Info.plist */ = {isa = PBXFileReference; lastKnownFileType = text.plist.xml; path = Info.plist; sourceTree = "<group>"; };
		A07E1B5923FDC56D005E999B /* MapViewController.swift */ = {isa = PBXFileReference; lastKnownFileType = sourcecode.swift; path = MapViewController.swift; sourceTree = "<group>"; };
		A086D33F240446B800E3A640 /* SidebarMenuViewController.swift */ = {isa = PBXFileReference; lastKnownFileType = sourcecode.swift; path = SidebarMenuViewController.swift; sourceTree = "<group>"; };
		A086D341240446DD00E3A640 /* SidebarSlideInTransition.swift */ = {isa = PBXFileReference; lastKnownFileType = sourcecode.swift; path = SidebarSlideInTransition.swift; sourceTree = "<group>"; };
		A0A3754E24186B68006A227B /* Universal.swift */ = {isa = PBXFileReference; lastKnownFileType = sourcecode.swift; path = Universal.swift; sourceTree = "<group>"; };
		A0BF04352451433C00BF6B2D /* AddFriendsViewController.swift */ = {isa = PBXFileReference; lastKnownFileType = sourcecode.swift; path = AddFriendsViewController.swift; sourceTree = "<group>"; };
		A0D59A8924101D080025A70B /* GoogleService-Info.plist */ = {isa = PBXFileReference; fileEncoding = 4; lastKnownFileType = text.plist.xml; path = "GoogleService-Info.plist"; sourceTree = "<group>"; };
		A2AFBE19240447D70090F639 /* NavigationController.swift */ = {isa = PBXFileReference; lastKnownFileType = sourcecode.swift; path = NavigationController.swift; sourceTree = "<group>"; };
		A2AFBE1D240448400090F639 /* SignUpViewController.swift */ = {isa = PBXFileReference; lastKnownFileType = sourcecode.swift; path = SignUpViewController.swift; sourceTree = "<group>"; };
		A2AFBE23240449160090F639 /* LogInViewController.swift */ = {isa = PBXFileReference; lastKnownFileType = sourcecode.swift; path = LogInViewController.swift; sourceTree = "<group>"; };
		A2D8B27A24101A25002C6195 /* EventCreator.swift */ = {isa = PBXFileReference; lastKnownFileType = sourcecode.swift; path = EventCreator.swift; sourceTree = "<group>"; };
		A8197E982410293600E048A4 /* ProfileViewController.swift */ = {isa = PBXFileReference; lastKnownFileType = sourcecode.swift; path = ProfileViewController.swift; sourceTree = "<group>"; };
		A85DBB79240EB3D4004E60DA /* Main.storyboard */ = {isa = PBXFileReference; lastKnownFileType = file.storyboard; path = Main.storyboard; sourceTree = "<group>"; };
		E7C79C16E538BC64438B52B1 /* Pods-GroupUp.debug.xcconfig */ = {isa = PBXFileReference; includeInIndex = 1; lastKnownFileType = text.xcconfig; name = "Pods-GroupUp.debug.xcconfig"; path = "Target Support Files/Pods-GroupUp/Pods-GroupUp.debug.xcconfig"; sourceTree = "<group>"; };
		F51B811F24044ACA0082A3C9 /* StartUpScreenViewController.swift */ = {isa = PBXFileReference; lastKnownFileType = sourcecode.swift; path = StartUpScreenViewController.swift; sourceTree = "<group>"; };
		F51B81252412D8200082A3C9 /* NotificationViewController.swift */ = {isa = PBXFileReference; lastKnownFileType = sourcecode.swift; path = NotificationViewController.swift; sourceTree = "<group>"; };
/* End PBXFileReference section */

/* Begin PBXFrameworksBuildPhase section */
		A06DD5E423FC5D4C000DFF7C /* Frameworks */ = {
			isa = PBXFrameworksBuildPhase;
			buildActionMask = 2147483647;
			files = (
				058244C8A9DDA40B972FE752 /* libPods-GroupUp.a in Frameworks */,
			);
			runOnlyForDeploymentPostprocessing = 0;
		};
		A06DD5FA23FC5D50000DFF7C /* Frameworks */ = {
			isa = PBXFrameworksBuildPhase;
			buildActionMask = 2147483647;
			files = (
			);
			runOnlyForDeploymentPostprocessing = 0;
		};
		A06DD60523FC5D50000DFF7C /* Frameworks */ = {
			isa = PBXFrameworksBuildPhase;
			buildActionMask = 2147483647;
			files = (
			);
			runOnlyForDeploymentPostprocessing = 0;
		};
/* End PBXFrameworksBuildPhase section */

/* Begin PBXGroup section */
		326A43C02757BF283278E36B /* Frameworks */ = {
			isa = PBXGroup;
			children = (
				8CF807EC91191F9BEAF867AE /* libPods-GroupUp.a */,
			);
			name = Frameworks;
			sourceTree = "<group>";
		};
		5343CD1072F9217709EDC357 /* Pods */ = {
			isa = PBXGroup;
			children = (
				E7C79C16E538BC64438B52B1 /* Pods-GroupUp.debug.xcconfig */,
				0D60D0EE9370CE0A3FFCD53A /* Pods-GroupUp.release.xcconfig */,
			);
			path = Pods;
			sourceTree = "<group>";
		};
		A06DD5DE23FC5D4C000DFF7C = {
			isa = PBXGroup;
			children = (
				A06DD5E923FC5D4C000DFF7C /* GroupUp */,
				A06DD60023FC5D50000DFF7C /* GroupUpTests */,
				A06DD60B23FC5D50000DFF7C /* GroupUpUITests */,
				A06DD5E823FC5D4C000DFF7C /* Products */,
				5343CD1072F9217709EDC357 /* Pods */,
				326A43C02757BF283278E36B /* Frameworks */,
			);
			sourceTree = "<group>";
		};
		A06DD5E823FC5D4C000DFF7C /* Products */ = {
			isa = PBXGroup;
			children = (
				A06DD5E723FC5D4C000DFF7C /* GroupUp.app */,
				A06DD5FD23FC5D50000DFF7C /* GroupUpTests.xctest */,
				A06DD60823FC5D50000DFF7C /* GroupUpUITests.xctest */,
			);
			name = Products;
			sourceTree = "<group>";
		};
		A06DD5E923FC5D4C000DFF7C /* GroupUp */ = {
			isa = PBXGroup;
			children = (
				A05D5A19242AA84300BD5A46 /* GroupUp.entitlements */,
				A0A3754E24186B68006A227B /* Universal.swift */,
				A06DD5EA23FC5D4C000DFF7C /* AppDelegate.swift */,
				F51B81252412D8200082A3C9 /* NotificationViewController.swift */,
				A06DD5EC23FC5D4C000DFF7C /* SceneDelegate.swift */,
				A06DD5F823FC5D4F000DFF7C /* Info.plist */,
				A0D59A8924101D080025A70B /* GoogleService-Info.plist */,
				A06DD5F323FC5D4F000DFF7C /* Assets.xcassets */,
				A06DD5F523FC5D4F000DFF7C /* LaunchScreen.storyboard */,
				A85DBB79240EB3D4004E60DA /* Main.storyboard */,
				A0BF04352451433C00BF6B2D /* AddFriendsViewController.swift */,
				A086D33F240446B800E3A640 /* SidebarMenuViewController.swift */,
				A086D341240446DD00E3A640 /* SidebarSlideInTransition.swift */,
				A07E1B5923FDC56D005E999B /* MapViewController.swift */,
				A023B77F2401D5B400A2F5ED /* EventManagerSlideUpViewController.swift */,
				A2AFBE19240447D70090F639 /* NavigationController.swift */,
				A2AFBE23240449160090F639 /* LogInViewController.swift */,
				A2AFBE1D240448400090F639 /* SignUpViewController.swift */,
				F51B811F24044ACA0082A3C9 /* StartUpScreenViewController.swift */,
				A2D8B27A24101A25002C6195 /* EventCreator.swift */,
				A01314C4243455DD00A47168 /* EventLocationCreatorViewController.swift */,
				A05D5A1624296D7100BD5A46 /* Event.swift */,
				A8197E982410293600E048A4 /* ProfileViewController.swift */,
			);
			path = GroupUp;
			sourceTree = "<group>";
		};
		A06DD60023FC5D50000DFF7C /* GroupUpTests */ = {
			isa = PBXGroup;
			children = (
				A06DD60123FC5D50000DFF7C /* GroupUpTests.swift */,
				A06DD60323FC5D50000DFF7C /* Info.plist */,
			);
			path = GroupUpTests;
			sourceTree = "<group>";
		};
		A06DD60B23FC5D50000DFF7C /* GroupUpUITests */ = {
			isa = PBXGroup;
			children = (
				A06DD60C23FC5D50000DFF7C /* GroupUpUITests.swift */,
				A06DD60E23FC5D50000DFF7C /* Info.plist */,
			);
			path = GroupUpUITests;
			sourceTree = "<group>";
		};
/* End PBXGroup section */

/* Begin PBXNativeTarget section */
		A06DD5E623FC5D4C000DFF7C /* GroupUp */ = {
			isa = PBXNativeTarget;
			buildConfigurationList = A06DD61123FC5D50000DFF7C /* Build configuration list for PBXNativeTarget "GroupUp" */;
			buildPhases = (
				DD37D44167F5DC717DD12C12 /* [CP] Check Pods Manifest.lock */,
				A06DD5E323FC5D4C000DFF7C /* Sources */,
				A06DD5E423FC5D4C000DFF7C /* Frameworks */,
				A06DD5E523FC5D4C000DFF7C /* Resources */,
			);
			buildRules = (
			);
			dependencies = (
			);
			name = GroupUp;
			productName = GroupUp;
			productReference = A06DD5E723FC5D4C000DFF7C /* GroupUp.app */;
			productType = "com.apple.product-type.application";
		};
		A06DD5FC23FC5D50000DFF7C /* GroupUpTests */ = {
			isa = PBXNativeTarget;
			buildConfigurationList = A06DD61423FC5D50000DFF7C /* Build configuration list for PBXNativeTarget "GroupUpTests" */;
			buildPhases = (
				A06DD5F923FC5D50000DFF7C /* Sources */,
				A06DD5FA23FC5D50000DFF7C /* Frameworks */,
				A06DD5FB23FC5D50000DFF7C /* Resources */,
			);
			buildRules = (
			);
			dependencies = (
				A06DD5FF23FC5D50000DFF7C /* PBXTargetDependency */,
			);
			name = GroupUpTests;
			productName = GroupUpTests;
			productReference = A06DD5FD23FC5D50000DFF7C /* GroupUpTests.xctest */;
			productType = "com.apple.product-type.bundle.unit-test";
		};
		A06DD60723FC5D50000DFF7C /* GroupUpUITests */ = {
			isa = PBXNativeTarget;
			buildConfigurationList = A06DD61723FC5D50000DFF7C /* Build configuration list for PBXNativeTarget "GroupUpUITests" */;
			buildPhases = (
				A06DD60423FC5D50000DFF7C /* Sources */,
				A06DD60523FC5D50000DFF7C /* Frameworks */,
				A06DD60623FC5D50000DFF7C /* Resources */,
			);
			buildRules = (
			);
			dependencies = (
				A06DD60A23FC5D50000DFF7C /* PBXTargetDependency */,
			);
			name = GroupUpUITests;
			productName = GroupUpUITests;
			productReference = A06DD60823FC5D50000DFF7C /* GroupUpUITests.xctest */;
			productType = "com.apple.product-type.bundle.ui-testing";
		};
/* End PBXNativeTarget section */

/* Begin PBXProject section */
		A06DD5DF23FC5D4C000DFF7C /* Project object */ = {
			isa = PBXProject;
			attributes = {
				LastSwiftUpdateCheck = 1130;
				LastUpgradeCheck = 1130;
				ORGANIZATIONNAME = "Samuel Hecht (student LM)";
				TargetAttributes = {
					A06DD5E623FC5D4C000DFF7C = {
						CreatedOnToolsVersion = 11.3.1;
					};
					A06DD5FC23FC5D50000DFF7C = {
						CreatedOnToolsVersion = 11.3.1;
						TestTargetID = A06DD5E623FC5D4C000DFF7C;
					};
					A06DD60723FC5D50000DFF7C = {
						CreatedOnToolsVersion = 11.3.1;
						TestTargetID = A06DD5E623FC5D4C000DFF7C;
					};
				};
			};
			buildConfigurationList = A06DD5E223FC5D4C000DFF7C /* Build configuration list for PBXProject "GroupUp" */;
			compatibilityVersion = "Xcode 9.3";
			developmentRegion = en;
			hasScannedForEncodings = 0;
			knownRegions = (
				en,
				Base,
			);
			mainGroup = A06DD5DE23FC5D4C000DFF7C;
			productRefGroup = A06DD5E823FC5D4C000DFF7C /* Products */;
			projectDirPath = "";
			projectRoot = "";
			targets = (
				A06DD5E623FC5D4C000DFF7C /* GroupUp */,
				A06DD5FC23FC5D50000DFF7C /* GroupUpTests */,
				A06DD60723FC5D50000DFF7C /* GroupUpUITests */,
			);
		};
/* End PBXProject section */

/* Begin PBXResourcesBuildPhase section */
		A06DD5E523FC5D4C000DFF7C /* Resources */ = {
			isa = PBXResourcesBuildPhase;
			buildActionMask = 2147483647;
			files = (
				A0D59A8A24101D080025A70B /* GoogleService-Info.plist in Resources */,
				A85DBB7A240EB3D4004E60DA /* Main.storyboard in Resources */,
				A06DD5F723FC5D4F000DFF7C /* LaunchScreen.storyboard in Resources */,
				A06DD5F423FC5D4F000DFF7C /* Assets.xcassets in Resources */,
			);
			runOnlyForDeploymentPostprocessing = 0;
		};
		A06DD5FB23FC5D50000DFF7C /* Resources */ = {
			isa = PBXResourcesBuildPhase;
			buildActionMask = 2147483647;
			files = (
			);
			runOnlyForDeploymentPostprocessing = 0;
		};
		A06DD60623FC5D50000DFF7C /* Resources */ = {
			isa = PBXResourcesBuildPhase;
			buildActionMask = 2147483647;
			files = (
			);
			runOnlyForDeploymentPostprocessing = 0;
		};
/* End PBXResourcesBuildPhase section */

/* Begin PBXShellScriptBuildPhase section */
		DD37D44167F5DC717DD12C12 /* [CP] Check Pods Manifest.lock */ = {
			isa = PBXShellScriptBuildPhase;
			buildActionMask = 2147483647;
			files = (
			);
			inputFileListPaths = (
			);
			inputPaths = (
				"${PODS_PODFILE_DIR_PATH}/Podfile.lock",
				"${PODS_ROOT}/Manifest.lock",
			);
			name = "[CP] Check Pods Manifest.lock";
			outputFileListPaths = (
			);
			outputPaths = (
				"$(DERIVED_FILE_DIR)/Pods-GroupUp-checkManifestLockResult.txt",
			);
			runOnlyForDeploymentPostprocessing = 0;
			shellPath = /bin/sh;
			shellScript = "diff \"${PODS_PODFILE_DIR_PATH}/Podfile.lock\" \"${PODS_ROOT}/Manifest.lock\" > /dev/null\nif [ $? != 0 ] ; then\n    # print error to STDERR\n    echo \"error: The sandbox is not in sync with the Podfile.lock. Run 'pod install' or update your CocoaPods installation.\" >&2\n    exit 1\nfi\n# This output is used by Xcode 'outputs' to avoid re-running this script phase.\necho \"SUCCESS\" > \"${SCRIPT_OUTPUT_FILE_0}\"\n";
			showEnvVarsInLog = 0;
		};
/* End PBXShellScriptBuildPhase section */

/* Begin PBXSourcesBuildPhase section */
		A06DD5E323FC5D4C000DFF7C /* Sources */ = {
			isa = PBXSourcesBuildPhase;
			buildActionMask = 2147483647;
			files = (
				A086D340240446B800E3A640 /* SidebarMenuViewController.swift in Sources */,
				A2AFBE1A240447D70090F639 /* NavigationController.swift in Sources */,
				A2AFBE24240449160090F639 /* LogInViewController.swift in Sources */,
				A0A3754F24186B68006A227B /* Universal.swift in Sources */,
				A05D5A1724296D7100BD5A46 /* Event.swift in Sources */,
				A023B7802401D5B400A2F5ED /* EventManagerSlideUpViewController.swift in Sources */,
				A2AFBE1E240448400090F639 /* SignUpViewController.swift in Sources */,
				A086D342240446DD00E3A640 /* SidebarSlideInTransition.swift in Sources */,
				A8197E992410293600E048A4 /* ProfileViewController.swift in Sources */,
				A06DD5EB23FC5D4C000DFF7C /* AppDelegate.swift in Sources */,
				A0BF04362451433C00BF6B2D /* AddFriendsViewController.swift in Sources */,
				A2D8B27B24101A25002C6195 /* EventCreator.swift in Sources */,
				F51B81262412D8200082A3C9 /* NotificationViewController.swift in Sources */,
				A06DD5ED23FC5D4C000DFF7C /* SceneDelegate.swift in Sources */,
				A01314C5243455DD00A47168 /* EventLocationCreatorViewController.swift in Sources */,
				F51B812024044ACA0082A3C9 /* StartUpScreenViewController.swift in Sources */,
				A07E1B5A23FDC56D005E999B /* MapViewController.swift in Sources */,
			);
			runOnlyForDeploymentPostprocessing = 0;
		};
		A06DD5F923FC5D50000DFF7C /* Sources */ = {
			isa = PBXSourcesBuildPhase;
			buildActionMask = 2147483647;
			files = (
				A06DD60223FC5D50000DFF7C /* GroupUpTests.swift in Sources */,
			);
			runOnlyForDeploymentPostprocessing = 0;
		};
		A06DD60423FC5D50000DFF7C /* Sources */ = {
			isa = PBXSourcesBuildPhase;
			buildActionMask = 2147483647;
			files = (
				A06DD60D23FC5D50000DFF7C /* GroupUpUITests.swift in Sources */,
			);
			runOnlyForDeploymentPostprocessing = 0;
		};
/* End PBXSourcesBuildPhase section */

/* Begin PBXTargetDependency section */
		A06DD5FF23FC5D50000DFF7C /* PBXTargetDependency */ = {
			isa = PBXTargetDependency;
			target = A06DD5E623FC5D4C000DFF7C /* GroupUp */;
			targetProxy = A06DD5FE23FC5D50000DFF7C /* PBXContainerItemProxy */;
		};
		A06DD60A23FC5D50000DFF7C /* PBXTargetDependency */ = {
			isa = PBXTargetDependency;
			target = A06DD5E623FC5D4C000DFF7C /* GroupUp */;
			targetProxy = A06DD60923FC5D50000DFF7C /* PBXContainerItemProxy */;
		};
/* End PBXTargetDependency section */

/* Begin PBXVariantGroup section */
		A06DD5F523FC5D4F000DFF7C /* LaunchScreen.storyboard */ = {
			isa = PBXVariantGroup;
			children = (
				A06DD5F623FC5D4F000DFF7C /* Base */,
			);
			name = LaunchScreen.storyboard;
			sourceTree = "<group>";
		};
/* End PBXVariantGroup section */

/* Begin XCBuildConfiguration section */
		A06DD60F23FC5D50000DFF7C /* Debug */ = {
			isa = XCBuildConfiguration;
			buildSettings = {
				ALWAYS_SEARCH_USER_PATHS = NO;
				CLANG_ANALYZER_NONNULL = YES;
				CLANG_ANALYZER_NUMBER_OBJECT_CONVERSION = YES_AGGRESSIVE;
				CLANG_CXX_LANGUAGE_STANDARD = "gnu++14";
				CLANG_CXX_LIBRARY = "libc++";
				CLANG_ENABLE_MODULES = YES;
				CLANG_ENABLE_OBJC_ARC = YES;
				CLANG_ENABLE_OBJC_WEAK = YES;
				CLANG_WARN_BLOCK_CAPTURE_AUTORELEASING = YES;
				CLANG_WARN_BOOL_CONVERSION = YES;
				CLANG_WARN_COMMA = YES;
				CLANG_WARN_CONSTANT_CONVERSION = YES;
				CLANG_WARN_DEPRECATED_OBJC_IMPLEMENTATIONS = YES;
				CLANG_WARN_DIRECT_OBJC_ISA_USAGE = YES_ERROR;
				CLANG_WARN_DOCUMENTATION_COMMENTS = YES;
				CLANG_WARN_EMPTY_BODY = YES;
				CLANG_WARN_ENUM_CONVERSION = YES;
				CLANG_WARN_INFINITE_RECURSION = YES;
				CLANG_WARN_INT_CONVERSION = YES;
				CLANG_WARN_NON_LITERAL_NULL_CONVERSION = YES;
				CLANG_WARN_OBJC_IMPLICIT_RETAIN_SELF = YES;
				CLANG_WARN_OBJC_LITERAL_CONVERSION = YES;
				CLANG_WARN_OBJC_ROOT_CLASS = YES_ERROR;
				CLANG_WARN_RANGE_LOOP_ANALYSIS = YES;
				CLANG_WARN_STRICT_PROTOTYPES = YES;
				CLANG_WARN_SUSPICIOUS_MOVE = YES;
				CLANG_WARN_UNGUARDED_AVAILABILITY = YES_AGGRESSIVE;
				CLANG_WARN_UNREACHABLE_CODE = YES;
				CLANG_WARN__DUPLICATE_METHOD_MATCH = YES;
				COPY_PHASE_STRIP = NO;
				DEBUG_INFORMATION_FORMAT = dwarf;
				ENABLE_STRICT_OBJC_MSGSEND = YES;
				ENABLE_TESTABILITY = YES;
				GCC_C_LANGUAGE_STANDARD = gnu11;
				GCC_DYNAMIC_NO_PIC = NO;
				GCC_NO_COMMON_BLOCKS = YES;
				GCC_OPTIMIZATION_LEVEL = 0;
				GCC_PREPROCESSOR_DEFINITIONS = (
					"DEBUG=1",
					"$(inherited)",
				);
				GCC_WARN_64_TO_32_BIT_CONVERSION = YES;
				GCC_WARN_ABOUT_RETURN_TYPE = YES_ERROR;
				GCC_WARN_UNDECLARED_SELECTOR = YES;
				GCC_WARN_UNINITIALIZED_AUTOS = YES_AGGRESSIVE;
				GCC_WARN_UNUSED_FUNCTION = YES;
				GCC_WARN_UNUSED_VARIABLE = YES;
				IPHONEOS_DEPLOYMENT_TARGET = 13.2;
				MTL_ENABLE_DEBUG_INFO = INCLUDE_SOURCE;
				MTL_FAST_MATH = YES;
				ONLY_ACTIVE_ARCH = YES;
				SDKROOT = iphoneos;
				SWIFT_ACTIVE_COMPILATION_CONDITIONS = DEBUG;
				SWIFT_OPTIMIZATION_LEVEL = "-Onone";
			};
			name = Debug;
		};
		A06DD61023FC5D50000DFF7C /* Release */ = {
			isa = XCBuildConfiguration;
			buildSettings = {
				ALWAYS_SEARCH_USER_PATHS = NO;
				CLANG_ANALYZER_NONNULL = YES;
				CLANG_ANALYZER_NUMBER_OBJECT_CONVERSION = YES_AGGRESSIVE;
				CLANG_CXX_LANGUAGE_STANDARD = "gnu++14";
				CLANG_CXX_LIBRARY = "libc++";
				CLANG_ENABLE_MODULES = YES;
				CLANG_ENABLE_OBJC_ARC = YES;
				CLANG_ENABLE_OBJC_WEAK = YES;
				CLANG_WARN_BLOCK_CAPTURE_AUTORELEASING = YES;
				CLANG_WARN_BOOL_CONVERSION = YES;
				CLANG_WARN_COMMA = YES;
				CLANG_WARN_CONSTANT_CONVERSION = YES;
				CLANG_WARN_DEPRECATED_OBJC_IMPLEMENTATIONS = YES;
				CLANG_WARN_DIRECT_OBJC_ISA_USAGE = YES_ERROR;
				CLANG_WARN_DOCUMENTATION_COMMENTS = YES;
				CLANG_WARN_EMPTY_BODY = YES;
				CLANG_WARN_ENUM_CONVERSION = YES;
				CLANG_WARN_INFINITE_RECURSION = YES;
				CLANG_WARN_INT_CONVERSION = YES;
				CLANG_WARN_NON_LITERAL_NULL_CONVERSION = YES;
				CLANG_WARN_OBJC_IMPLICIT_RETAIN_SELF = YES;
				CLANG_WARN_OBJC_LITERAL_CONVERSION = YES;
				CLANG_WARN_OBJC_ROOT_CLASS = YES_ERROR;
				CLANG_WARN_RANGE_LOOP_ANALYSIS = YES;
				CLANG_WARN_STRICT_PROTOTYPES = YES;
				CLANG_WARN_SUSPICIOUS_MOVE = YES;
				CLANG_WARN_UNGUARDED_AVAILABILITY = YES_AGGRESSIVE;
				CLANG_WARN_UNREACHABLE_CODE = YES;
				CLANG_WARN__DUPLICATE_METHOD_MATCH = YES;
				COPY_PHASE_STRIP = NO;
				DEBUG_INFORMATION_FORMAT = "dwarf-with-dsym";
				ENABLE_NS_ASSERTIONS = NO;
				ENABLE_STRICT_OBJC_MSGSEND = YES;
				GCC_C_LANGUAGE_STANDARD = gnu11;
				GCC_NO_COMMON_BLOCKS = YES;
				GCC_WARN_64_TO_32_BIT_CONVERSION = YES;
				GCC_WARN_ABOUT_RETURN_TYPE = YES_ERROR;
				GCC_WARN_UNDECLARED_SELECTOR = YES;
				GCC_WARN_UNINITIALIZED_AUTOS = YES_AGGRESSIVE;
				GCC_WARN_UNUSED_FUNCTION = YES;
				GCC_WARN_UNUSED_VARIABLE = YES;
				IPHONEOS_DEPLOYMENT_TARGET = 13.2;
				MTL_ENABLE_DEBUG_INFO = NO;
				MTL_FAST_MATH = YES;
				SDKROOT = iphoneos;
				SWIFT_COMPILATION_MODE = wholemodule;
				SWIFT_OPTIMIZATION_LEVEL = "-O";
				VALIDATE_PRODUCT = YES;
			};
			name = Release;
		};
		A06DD61223FC5D50000DFF7C /* Debug */ = {
			isa = XCBuildConfiguration;
			baseConfigurationReference = E7C79C16E538BC64438B52B1 /* Pods-GroupUp.debug.xcconfig */;
			buildSettings = {
				ASSETCATALOG_COMPILER_APPICON_NAME = AppIcon;
				CODE_SIGN_ENTITLEMENTS = GroupUp/GroupUp.entitlements;
				CODE_SIGN_STYLE = Automatic;
				DEVELOPMENT_TEAM = 8QF6ZVL946;
				INFOPLIST_FILE = GroupUp/Info.plist;
				LD_RUNPATH_SEARCH_PATHS = (
					"$(inherited)",
					"@executable_path/Frameworks",
				);
				PRODUCT_BUNDLE_IDENTIFIER = Project.GroupUp;
				PRODUCT_NAME = "$(TARGET_NAME)";
				SWIFT_VERSION = 5.0;
				TARGETED_DEVICE_FAMILY = "1,2";
			};
			name = Debug;
		};
		A06DD61323FC5D50000DFF7C /* Release */ = {
			isa = XCBuildConfiguration;
			baseConfigurationReference = 0D60D0EE9370CE0A3FFCD53A /* Pods-GroupUp.release.xcconfig */;
			buildSettings = {
				ASSETCATALOG_COMPILER_APPICON_NAME = AppIcon;
				CODE_SIGN_ENTITLEMENTS = GroupUp/GroupUp.entitlements;
				CODE_SIGN_STYLE = Automatic;
				DEVELOPMENT_TEAM = 8QF6ZVL946;
				INFOPLIST_FILE = GroupUp/Info.plist;
				LD_RUNPATH_SEARCH_PATHS = (
					"$(inherited)",
					"@executable_path/Frameworks",
				);
				PRODUCT_BUNDLE_IDENTIFIER = Project.GroupUp;
				PRODUCT_NAME = "$(TARGET_NAME)";
				SWIFT_VERSION = 5.0;
				TARGETED_DEVICE_FAMILY = "1,2";
			};
			name = Release;
		};
		A06DD61523FC5D50000DFF7C /* Debug */ = {
			isa = XCBuildConfiguration;
			buildSettings = {
				ALWAYS_EMBED_SWIFT_STANDARD_LIBRARIES = YES;
				BUNDLE_LOADER = "$(TEST_HOST)";
				CODE_SIGN_STYLE = Automatic;
				DEVELOPMENT_TEAM = 8QF6ZVL946;
				INFOPLIST_FILE = GroupUpTests/Info.plist;
				IPHONEOS_DEPLOYMENT_TARGET = 13.2;
				LD_RUNPATH_SEARCH_PATHS = (
					"$(inherited)",
					"@executable_path/Frameworks",
					"@loader_path/Frameworks",
				);
				PRODUCT_BUNDLE_IDENTIFIER = Project.GroupUpTests;
				PRODUCT_NAME = "$(TARGET_NAME)";
				SWIFT_VERSION = 5.0;
				TARGETED_DEVICE_FAMILY = "1,2";
				TEST_HOST = "$(BUILT_PRODUCTS_DIR)/GroupUp.app/GroupUp";
			};
			name = Debug;
		};
		A06DD61623FC5D50000DFF7C /* Release */ = {
			isa = XCBuildConfiguration;
			buildSettings = {
				ALWAYS_EMBED_SWIFT_STANDARD_LIBRARIES = YES;
				BUNDLE_LOADER = "$(TEST_HOST)";
				CODE_SIGN_STYLE = Automatic;
				DEVELOPMENT_TEAM = 8QF6ZVL946;
				INFOPLIST_FILE = GroupUpTests/Info.plist;
				IPHONEOS_DEPLOYMENT_TARGET = 13.2;
				LD_RUNPATH_SEARCH_PATHS = (
					"$(inherited)",
					"@executable_path/Frameworks",
					"@loader_path/Frameworks",
				);
				PRODUCT_BUNDLE_IDENTIFIER = Project.GroupUpTests;
				PRODUCT_NAME = "$(TARGET_NAME)";
				SWIFT_VERSION = 5.0;
				TARGETED_DEVICE_FAMILY = "1,2";
				TEST_HOST = "$(BUILT_PRODUCTS_DIR)/GroupUp.app/GroupUp";
			};
			name = Release;
		};
		A06DD61823FC5D50000DFF7C /* Debug */ = {
			isa = XCBuildConfiguration;
			buildSettings = {
				ALWAYS_EMBED_SWIFT_STANDARD_LIBRARIES = YES;
				CODE_SIGN_STYLE = Automatic;
				DEVELOPMENT_TEAM = 8QF6ZVL946;
				INFOPLIST_FILE = GroupUpUITests/Info.plist;
				LD_RUNPATH_SEARCH_PATHS = (
					"$(inherited)",
					"@executable_path/Frameworks",
					"@loader_path/Frameworks",
				);
				PRODUCT_BUNDLE_IDENTIFIER = Project.GroupUpUITests;
				PRODUCT_NAME = "$(TARGET_NAME)";
				SWIFT_VERSION = 5.0;
				TARGETED_DEVICE_FAMILY = "1,2";
				TEST_TARGET_NAME = GroupUp;
			};
			name = Debug;
		};
		A06DD61923FC5D50000DFF7C /* Release */ = {
			isa = XCBuildConfiguration;
			buildSettings = {
				ALWAYS_EMBED_SWIFT_STANDARD_LIBRARIES = YES;
				CODE_SIGN_STYLE = Automatic;
				DEVELOPMENT_TEAM = 8QF6ZVL946;
				INFOPLIST_FILE = GroupUpUITests/Info.plist;
				LD_RUNPATH_SEARCH_PATHS = (
					"$(inherited)",
					"@executable_path/Frameworks",
					"@loader_path/Frameworks",
				);
				PRODUCT_BUNDLE_IDENTIFIER = Project.GroupUpUITests;
				PRODUCT_NAME = "$(TARGET_NAME)";
				SWIFT_VERSION = 5.0;
				TARGETED_DEVICE_FAMILY = "1,2";
				TEST_TARGET_NAME = GroupUp;
			};
			name = Release;
		};
/* End XCBuildConfiguration section */

/* Begin XCConfigurationList section */
		A06DD5E223FC5D4C000DFF7C /* Build configuration list for PBXProject "GroupUp" */ = {
			isa = XCConfigurationList;
			buildConfigurations = (
				A06DD60F23FC5D50000DFF7C /* Debug */,
				A06DD61023FC5D50000DFF7C /* Release */,
			);
			defaultConfigurationIsVisible = 0;
			defaultConfigurationName = Release;
		};
		A06DD61123FC5D50000DFF7C /* Build configuration list for PBXNativeTarget "GroupUp" */ = {
			isa = XCConfigurationList;
			buildConfigurations = (
				A06DD61223FC5D50000DFF7C /* Debug */,
				A06DD61323FC5D50000DFF7C /* Release */,
			);
			defaultConfigurationIsVisible = 0;
			defaultConfigurationName = Release;
		};
		A06DD61423FC5D50000DFF7C /* Build configuration list for PBXNativeTarget "GroupUpTests" */ = {
			isa = XCConfigurationList;
			buildConfigurations = (
				A06DD61523FC5D50000DFF7C /* Debug */,
				A06DD61623FC5D50000DFF7C /* Release */,
			);
			defaultConfigurationIsVisible = 0;
			defaultConfigurationName = Release;
		};
		A06DD61723FC5D50000DFF7C /* Build configuration list for PBXNativeTarget "GroupUpUITests" */ = {
			isa = XCConfigurationList;
			buildConfigurations = (
				A06DD61823FC5D50000DFF7C /* Debug */,
				A06DD61923FC5D50000DFF7C /* Release */,
			);
			defaultConfigurationIsVisible = 0;
			defaultConfigurationName = Release;
		};
/* End XCConfigurationList section */
	};
	rootObject = A06DD5DF23FC5D4C000DFF7C /* Project object */;
}
